
Microsoft Visual Studio Solution File, Format Version 12.00
# Visual Studio 15
VisualStudioVersion = 15.0.28307.1022
MinimumVisualStudioVersion = 10.0.40219.1
Project("{FAE04EC0-301F-11D3-BF4B-00C04F79EFBC}") = "ReadAndWriteFileExcel", "ReadAndWriteFileExcel\ReadAndWriteFileExcel.csproj", "{9748C44B-5EBE-402A-A346-6DB55E98F49A}"
EndProject
Project("{FAE04EC0-301F-11D3-BF4B-00C04F79EFBC}") = "TrungTrang", "TrungTrang\TrungTrang.csproj", "{79976FD8-9325-42EC-9B39-BB546135A43A}"
EndProject
Project("{54435603-DBB4-11D2-8724-00A0C9A8B90C}") = "SetupTrungTrang", "SetupTrungTrang\SetupTrungTrang.vdproj", "{6A658BB4-BF48-424C-9CF2-81C1BC0D35F8}"
EndProject
Global
	GlobalSection(SolutionConfigurationPlatforms) = preSolution
		Debug|Any CPU = Debug|Any CPU
		Release|Any CPU = Release|Any CPU
	EndGlobalSection
	GlobalSection(ProjectConfigurationPlatforms) = postSolution
		{9748C44B-5EBE-402A-A346-6DB55E98F49A}.Debug|Any CPU.ActiveCfg = Debug|Any CPU
		{9748C44B-5EBE-402A-A346-6DB55E98F49A}.Debug|Any CPU.Build.0 = Debug|Any CPU
		{9748C44B-5EBE-402A-A346-6DB55E98F49A}.Release|Any CPU.ActiveCfg = Release|Any CPU
		{9748C44B-5EBE-402A-A346-6DB55E98F49A}.Release|Any CPU.Build.0 = Release|Any CPU
		{79976FD8-9325-42EC-9B39-BB546135A43A}.Debug|Any CPU.ActiveCfg = Debug|Any CPU
		{79976FD8-9325-42EC-9B39-BB546135A43A}.Debug|Any CPU.Build.0 = Debug|Any CPU
		{79976FD8-9325-42EC-9B39-BB546135A43A}.Release|Any CPU.ActiveCfg = Release|Any CPU
		{79976FD8-9325-42EC-9B39-BB546135A43A}.Release|Any CPU.Build.0 = Release|Any CPU
		{6A658BB4-BF48-424C-9CF2-81C1BC0D35F8}.Debug|Any CPU.ActiveCfg = Debug
		{6A658BB4-BF48-424C-9CF2-81C1BC0D35F8}.Release|Any CPU.ActiveCfg = Release
	EndGlobalSection
	GlobalSection(SolutionProperties) = preSolution
		HideSolutionNode = FALSE
	EndGlobalSection
	GlobalSection(ExtensibilityGlobals) = postSolution
		SolutionGuid = {613181A0-A340-4E6B-8C47-D33BB24A1D27}
	EndGlobalSection
EndGlobal
